<Solution>
  <Folder Name="/build/">
    <File Path="Directory.Build.props" />
    <File Path="Directory.Packages.props" />
    <File Path="global.json" />
    <File Path="NuGet.Config" />
    <File Path="README.md" />
  </Folder>
  <Project Path="src/Termina/Termina.csproj" />
  <Folder Name="/tests/">
    <Project Path="tests/Termina.Tests/Termina.Tests.csproj" />
  </Folder>
  <Project Path="src/Termina.Spike/Termina.Spike.csproj" />
</Solution>
